
Microsoft Visual Studio Solution File, Format Version 12.00
Project("{FAE04EC0-301F-11D3-BF4B-00C04F79EFBC}") = "DropboxVirtualSync", "DropboxVirtualSync\DropboxVirtualSync.csproj", "{07B98B56-8723-4F47-ABAE-BC487E796F91}"
EndProject
Global
	GlobalSection(SolutionConfigurationPlatforms) = preSolution
		Debug|Any CPU = Debug|Any CPU
		Release|Any CPU = Release|Any CPU
	EndGlobalSection
	GlobalSection(ProjectConfigurationPlatforms) = postSolution
		{07B98B56-8723-4F47-ABAE-BC487E796F91}.Debug|Any CPU.ActiveCfg = Debug|Any CPU
		{07B98B56-8723-4F47-ABAE-BC487E796F91}.Debug|Any CPU.Build.0 = Debug|Any CPU
		{07B98B56-8723-4F47-ABAE-BC487E796F91}.Release|Any CPU.ActiveCfg = Release|Any CPU
		{07B98B56-8723-4F47-ABAE-BC487E796F91}.Release|Any CPU.Build.0 = Release|Any CPU
	EndGlobalSection
EndGlobal
